// !$*UTF8*$!
{
	archiveVersion = 1;
	classes = {
	};
	objectVersion = 50;
	objects = {

/* Begin PBXBuildFile section */
		18A9442996D2733E7268A40B /* Pods_TWWeChatMomentsUITests.framework in Frameworks */ = {isa = PBXBuildFile; fileRef = B23DADBAB6CC71322185B3FE /* Pods_TWWeChatMomentsUITests.framework */; };
		8E6BF370FE223A78B5F32431 /* Pods_TWWeChatMomentsTests.framework in Frameworks */ = {isa = PBXBuildFile; fileRef = E3351F3D903A7949E18A552C /* Pods_TWWeChatMomentsTests.framework */; };
		B924A8F07620AA223EAB27C8 /* Pods_TWWeChatMoments.framework in Frameworks */ = {isa = PBXBuildFile; fileRef = BDE71583E6CC89F00141D2AC /* Pods_TWWeChatMoments.framework */; };
		D4BD36B32350174000096E6D /* AppDelegate.swift in Sources */ = {isa = PBXBuildFile; fileRef = D4BD36B22350174000096E6D /* AppDelegate.swift */; };
		D4BD36B52350174000096E6D /* ViewController.swift in Sources */ = {isa = PBXBuildFile; fileRef = D4BD36B42350174000096E6D /* ViewController.swift */; };
		D4BD36B82350174000096E6D /* Main.storyboard in Resources */ = {isa = PBXBuildFile; fileRef = D4BD36B62350174000096E6D /* Main.storyboard */; };
		D4BD36BA2350174000096E6D /* Assets.xcassets in Resources */ = {isa = PBXBuildFile; fileRef = D4BD36B92350174000096E6D /* Assets.xcassets */; };
		D4BD36BD2350174000096E6D /* LaunchScreen.storyboard in Resources */ = {isa = PBXBuildFile; fileRef = D4BD36BB2350174000096E6D /* LaunchScreen.storyboard */; };
		D4BD36C82350174000096E6D /* TWWeChatMomentsTests.swift in Sources */ = {isa = PBXBuildFile; fileRef = D4BD36C72350174000096E6D /* TWWeChatMomentsTests.swift */; };
		D4BD36D32350174000096E6D /* TWWeChatMomentsUITests.swift in Sources */ = {isa = PBXBuildFile; fileRef = D4BD36D22350174000096E6D /* TWWeChatMomentsUITests.swift */; };
/* End PBXBuildFile section */

/* Begin PBXContainerItemProxy section */
		D4BD36C42350174000096E6D /* PBXContainerItemProxy */ = {
			isa = PBXContainerItemProxy;
			containerPortal = D4BD36A72350174000096E6D /* Project object */;
			proxyType = 1;
			remoteGlobalIDString = D4BD36AE2350174000096E6D;
			remoteInfo = TWWeChatMoments;
		};
		D4BD36CF2350174000096E6D /* PBXContainerItemProxy */ = {
			isa = PBXContainerItemProxy;
			containerPortal = D4BD36A72350174000096E6D /* Project object */;
			proxyType = 1;
			remoteGlobalIDString = D4BD36AE2350174000096E6D;
			remoteInfo = TWWeChatMoments;
		};
/* End PBXContainerItemProxy section */

/* Begin PBXFileReference section */
		149A43F1540EA67D33387E90 /* Pods-TWWeChatMoments.debug.xcconfig */ = {isa = PBXFileReference; includeInIndex = 1; lastKnownFileType = text.xcconfig; name = "Pods-TWWeChatMoments.debug.xcconfig"; path = "Target Support Files/Pods-TWWeChatMoments/Pods-TWWeChatMoments.debug.xcconfig"; sourceTree = "<group>"; };
		2902F4981C04E730380FB43F /* Pods-TWWeChatMomentsUITests.release.xcconfig */ = {isa = PBXFileReference; includeInIndex = 1; lastKnownFileType = text.xcconfig; name = "Pods-TWWeChatMomentsUITests.release.xcconfig"; path = "Target Support Files/Pods-TWWeChatMomentsUITests/Pods-TWWeChatMomentsUITests.release.xcconfig"; sourceTree = "<group>"; };
		4B2C8448708DDAA22802775B /* Pods-TWWeChatMomentsTests.debug.xcconfig */ = {isa = PBXFileReference; includeInIndex = 1; lastKnownFileType = text.xcconfig; name = "Pods-TWWeChatMomentsTests.debug.xcconfig"; path = "Target Support Files/Pods-TWWeChatMomentsTests/Pods-TWWeChatMomentsTests.debug.xcconfig"; sourceTree = "<group>"; };
		6B3CA474478AC9F532062324 /* Pods-TWWeChatMomentsTests.release.xcconfig */ = {isa = PBXFileReference; includeInIndex = 1; lastKnownFileType = text.xcconfig; name = "Pods-TWWeChatMomentsTests.release.xcconfig"; path = "Target Support Files/Pods-TWWeChatMomentsTests/Pods-TWWeChatMomentsTests.release.xcconfig"; sourceTree = "<group>"; };
		6BDCC27C54420E896E8F32BF /* Pods-TWWeChatMoments.release.xcconfig */ = {isa = PBXFileReference; includeInIndex = 1; lastKnownFileType = text.xcconfig; name = "Pods-TWWeChatMoments.release.xcconfig"; path = "Target Support Files/Pods-TWWeChatMoments/Pods-TWWeChatMoments.release.xcconfig"; sourceTree = "<group>"; };
		B23DADBAB6CC71322185B3FE /* Pods_TWWeChatMomentsUITests.framework */ = {isa = PBXFileReference; explicitFileType = wrapper.framework; includeInIndex = 0; path = Pods_TWWeChatMomentsUITests.framework; sourceTree = BUILT_PRODUCTS_DIR; };
		BDE71583E6CC89F00141D2AC /* Pods_TWWeChatMoments.framework */ = {isa = PBXFileReference; explicitFileType = wrapper.framework; includeInIndex = 0; path = Pods_TWWeChatMoments.framework; sourceTree = BUILT_PRODUCTS_DIR; };
		D4BD36AF2350174000096E6D /* TWWeChatMoments.app */ = {isa = PBXFileReference; explicitFileType = wrapper.application; includeInIndex = 0; path = TWWeChatMoments.app; sourceTree = BUILT_PRODUCTS_DIR; };
		D4BD36B22350174000096E6D /* AppDelegate.swift */ = {isa = PBXFileReference; lastKnownFileType = sourcecode.swift; path = AppDelegate.swift; sourceTree = "<group>"; };
		D4BD36B42350174000096E6D /* ViewController.swift */ = {isa = PBXFileReference; lastKnownFileType = sourcecode.swift; path = ViewController.swift; sourceTree = "<group>"; };
		D4BD36B72350174000096E6D /* Base */ = {isa = PBXFileReference; lastKnownFileType = file.storyboard; name = Base; path = Base.lproj/Main.storyboard; sourceTree = "<group>"; };
		D4BD36B92350174000096E6D /* Assets.xcassets */ = {isa = PBXFileReference; lastKnownFileType = folder.assetcatalog; path = Assets.xcassets; sourceTree = "<group>"; };
		D4BD36BC2350174000096E6D /* Base */ = {isa = PBXFileReference; lastKnownFileType = file.storyboard; name = Base; path = Base.lproj/LaunchScreen.storyboard; sourceTree = "<group>"; };
		D4BD36BE2350174000096E6D /* Info.plist */ = {isa = PBXFileReference; lastKnownFileType = text.plist.xml; path = Info.plist; sourceTree = "<group>"; };
		D4BD36C32350174000096E6D /* TWWeChatMomentsTests.xctest */ = {isa = PBXFileReference; explicitFileType = wrapper.cfbundle; includeInIndex = 0; path = TWWeChatMomentsTests.xctest; sourceTree = BUILT_PRODUCTS_DIR; };
		D4BD36C72350174000096E6D /* TWWeChatMomentsTests.swift */ = {isa = PBXFileReference; lastKnownFileType = sourcecode.swift; path = TWWeChatMomentsTests.swift; sourceTree = "<group>"; };
		D4BD36C92350174000096E6D /* Info.plist */ = {isa = PBXFileReference; lastKnownFileType = text.plist.xml; path = Info.plist; sourceTree = "<group>"; };
		D4BD36CE2350174000096E6D /* TWWeChatMomentsUITests.xctest */ = {isa = PBXFileReference; explicitFileType = wrapper.cfbundle; includeInIndex = 0; path = TWWeChatMomentsUITests.xctest; sourceTree = BUILT_PRODUCTS_DIR; };
		D4BD36D22350174000096E6D /* TWWeChatMomentsUITests.swift */ = {isa = PBXFileReference; lastKnownFileType = sourcecode.swift; path = TWWeChatMomentsUITests.swift; sourceTree = "<group>"; };
		D4BD36D42350174000096E6D /* Info.plist */ = {isa = PBXFileReference; lastKnownFileType = text.plist.xml; path = Info.plist; sourceTree = "<group>"; };
		E3351F3D903A7949E18A552C /* Pods_TWWeChatMomentsTests.framework */ = {isa = PBXFileReference; explicitFileType = wrapper.framework; includeInIndex = 0; path = Pods_TWWeChatMomentsTests.framework; sourceTree = BUILT_PRODUCTS_DIR; };
		F95D17F42CE5D32565AF0133 /* Pods-TWWeChatMomentsUITests.debug.xcconfig */ = {isa = PBXFileReference; includeInIndex = 1; lastKnownFileType = text.xcconfig; name = "Pods-TWWeChatMomentsUITests.debug.xcconfig"; path = "Target Support Files/Pods-TWWeChatMomentsUITests/Pods-TWWeChatMomentsUITests.debug.xcconfig"; sourceTree = "<group>"; };
/* End PBXFileReference section */

/* Begin PBXFrameworksBuildPhase section */
		D4BD36AC2350174000096E6D /* Frameworks */ = {
			isa = PBXFrameworksBuildPhase;
			buildActionMask = 2147483647;
			files = (
				B924A8F07620AA223EAB27C8 /* Pods_TWWeChatMoments.framework in Frameworks */,
			);
			runOnlyForDeploymentPostprocessing = 0;
		};
		D4BD36C02350174000096E6D /* Frameworks */ = {
			isa = PBXFrameworksBuildPhase;
			buildActionMask = 2147483647;
			files = (
				8E6BF370FE223A78B5F32431 /* Pods_TWWeChatMomentsTests.framework in Frameworks */,
			);
			runOnlyForDeploymentPostprocessing = 0;
		};
		D4BD36CB2350174000096E6D /* Frameworks */ = {
			isa = PBXFrameworksBuildPhase;
			buildActionMask = 2147483647;
			files = (
				18A9442996D2733E7268A40B /* Pods_TWWeChatMomentsUITests.framework in Frameworks */,
			);
			runOnlyForDeploymentPostprocessing = 0;
		};
/* End PBXFrameworksBuildPhase section */

/* Begin PBXGroup section */
		5323C5146156461B80466C47 /* Frameworks */ = {
			isa = PBXGroup;
			children = (
				BDE71583E6CC89F00141D2AC /* Pods_TWWeChatMoments.framework */,
				E3351F3D903A7949E18A552C /* Pods_TWWeChatMomentsTests.framework */,
				B23DADBAB6CC71322185B3FE /* Pods_TWWeChatMomentsUITests.framework */,
			);
			name = Frameworks;
			sourceTree = "<group>";
		};
		A469DD20C5B4176927FAEBC3 /* Pods */ = {
			isa = PBXGroup;
			children = (
				149A43F1540EA67D33387E90 /* Pods-TWWeChatMoments.debug.xcconfig */,
				6BDCC27C54420E896E8F32BF /* Pods-TWWeChatMoments.release.xcconfig */,
				4B2C8448708DDAA22802775B /* Pods-TWWeChatMomentsTests.debug.xcconfig */,
				6B3CA474478AC9F532062324 /* Pods-TWWeChatMomentsTests.release.xcconfig */,
				F95D17F42CE5D32565AF0133 /* Pods-TWWeChatMomentsUITests.debug.xcconfig */,
				2902F4981C04E730380FB43F /* Pods-TWWeChatMomentsUITests.release.xcconfig */,
			);
			name = Pods;
			path = Pods;
			sourceTree = "<group>";
		};
		D4BD36A62350174000096E6D = {
			isa = PBXGroup;
			children = (
				D4BD36B12350174000096E6D /* TWWeChatMoments */,
				D4BD36C62350174000096E6D /* TWWeChatMomentsTests */,
				D4BD36D12350174000096E6D /* TWWeChatMomentsUITests */,
				D4BD36B02350174000096E6D /* Products */,
				A469DD20C5B4176927FAEBC3 /* Pods */,
				5323C5146156461B80466C47 /* Frameworks */,
			);
			sourceTree = "<group>";
		};
		D4BD36B02350174000096E6D /* Products */ = {
			isa = PBXGroup;
			children = (
				D4BD36AF2350174000096E6D /* TWWeChatMoments.app */,
				D4BD36C32350174000096E6D /* TWWeChatMomentsTests.xctest */,
				D4BD36CE2350174000096E6D /* TWWeChatMomentsUITests.xctest */,
			);
			name = Products;
			sourceTree = "<group>";
		};
		D4BD36B12350174000096E6D /* TWWeChatMoments */ = {
			isa = PBXGroup;
			children = (
				D4BD36B22350174000096E6D /* AppDelegate.swift */,
				D4BD36B42350174000096E6D /* ViewController.swift */,
				D4BD36B62350174000096E6D /* Main.storyboard */,
				D4BD36B92350174000096E6D /* Assets.xcassets */,
				D4BD36BB2350174000096E6D /* LaunchScreen.storyboard */,
				D4BD36BE2350174000096E6D /* Info.plist */,
			);
			path = TWWeChatMoments;
			sourceTree = "<group>";
		};
		D4BD36C62350174000096E6D /* TWWeChatMomentsTests */ = {
			isa = PBXGroup;
			children = (
				D4BD36C72350174000096E6D /* TWWeChatMomentsTests.swift */,
				D4BD36C92350174000096E6D /* Info.plist */,
			);
			path = TWWeChatMomentsTests;
			sourceTree = "<group>";
		};
		D4BD36D12350174000096E6D /* TWWeChatMomentsUITests */ = {
			isa = PBXGroup;
			children = (
				D4BD36D22350174000096E6D /* TWWeChatMomentsUITests.swift */,
				D4BD36D42350174000096E6D /* Info.plist */,
			);
			path = TWWeChatMomentsUITests;
			sourceTree = "<group>";
		};
/* End PBXGroup section */

/* Begin PBXNativeTarget section */
		D4BD36AE2350174000096E6D /* TWWeChatMoments */ = {
			isa = PBXNativeTarget;
			buildConfigurationList = D4BD36D72350174000096E6D /* Build configuration list for PBXNativeTarget "TWWeChatMoments" */;
			buildPhases = (
				6FACF3E3A272CA69CCA70D5A /* [CP] Check Pods Manifest.lock */,
				D4BD36AB2350174000096E6D /* Sources */,
				D4BD36AC2350174000096E6D /* Frameworks */,
				D4BD36AD2350174000096E6D /* Resources */,
				A1C2739A47F45194EED44C93 /* [CP] Embed Pods Frameworks */,
			);
			buildRules = (
			);
			dependencies = (
			);
			name = TWWeChatMoments;
			productName = TWWeChatMoments;
			productReference = D4BD36AF2350174000096E6D /* TWWeChatMoments.app */;
			productType = "com.apple.product-type.application";
		};
		D4BD36C22350174000096E6D /* TWWeChatMomentsTests */ = {
			isa = PBXNativeTarget;
			buildConfigurationList = D4BD36DA2350174000096E6D /* Build configuration list for PBXNativeTarget "TWWeChatMomentsTests" */;
			buildPhases = (
				A61A7728CFE1BB560181D821 /* [CP] Check Pods Manifest.lock */,
				D4BD36BF2350174000096E6D /* Sources */,
				D4BD36C02350174000096E6D /* Frameworks */,
				D4BD36C12350174000096E6D /* Resources */,
			);
			buildRules = (
			);
			dependencies = (
				D4BD36C52350174000096E6D /* PBXTargetDependency */,
			);
			name = TWWeChatMomentsTests;
			productName = TWWeChatMomentsTests;
			productReference = D4BD36C32350174000096E6D /* TWWeChatMomentsTests.xctest */;
			productType = "com.apple.product-type.bundle.unit-test";
		};
		D4BD36CD2350174000096E6D /* TWWeChatMomentsUITests */ = {
			isa = PBXNativeTarget;
			buildConfigurationList = D4BD36DD2350174000096E6D /* Build configuration list for PBXNativeTarget "TWWeChatMomentsUITests" */;
			buildPhases = (
				527872D1634C73FA026CEE8B /* [CP] Check Pods Manifest.lock */,
				D4BD36CA2350174000096E6D /* Sources */,
				D4BD36CB2350174000096E6D /* Frameworks */,
				D4BD36CC2350174000096E6D /* Resources */,
			);
			buildRules = (
			);
			dependencies = (
				D4BD36D02350174000096E6D /* PBXTargetDependency */,
			);
			name = TWWeChatMomentsUITests;
			productName = TWWeChatMomentsUITests;
			productReference = D4BD36CE2350174000096E6D /* TWWeChatMomentsUITests.xctest */;
			productType = "com.apple.product-type.bundle.ui-testing";
		};
/* End PBXNativeTarget section */

/* Begin PBXProject section */
		D4BD36A72350174000096E6D /* Project object */ = {
			isa = PBXProject;
			attributes = {
				LastSwiftUpdateCheck = 1020;
				LastUpgradeCheck = 1020;
				ORGANIZATIONNAME = "韩继宏";
				TargetAttributes = {
					D4BD36AE2350174000096E6D = {
						CreatedOnToolsVersion = 10.2.1;
					};
					D4BD36C22350174000096E6D = {
						CreatedOnToolsVersion = 10.2.1;
						TestTargetID = D4BD36AE2350174000096E6D;
					};
					D4BD36CD2350174000096E6D = {
						CreatedOnToolsVersion = 10.2.1;
						TestTargetID = D4BD36AE2350174000096E6D;
					};
				};
			};
			buildConfigurationList = D4BD36AA2350174000096E6D /* Build configuration list for PBXProject "TWWeChatMoments" */;
			compatibilityVersion = "Xcode 9.3";
			developmentRegion = en;
			hasScannedForEncodings = 0;
			knownRegions = (
				en,
				Base,
			);
			mainGroup = D4BD36A62350174000096E6D;
			productRefGroup = D4BD36B02350174000096E6D /* Products */;
			projectDirPath = "";
			projectRoot = "";
			targets = (
				D4BD36AE2350174000096E6D /* TWWeChatMoments */,
				D4BD36C22350174000096E6D /* TWWeChatMomentsTests */,
				D4BD36CD2350174000096E6D /* TWWeChatMomentsUITests */,
			);
		};
/* End PBXProject section */

/* Begin PBXResourcesBuildPhase section */
		D4BD36AD2350174000096E6D /* Resources */ = {
			isa = PBXResourcesBuildPhase;
			buildActionMask = 2147483647;
			files = (
				D4BD36BD2350174000096E6D /* LaunchScreen.storyboard in Resources */,
				D4BD36BA2350174000096E6D /* Assets.xcassets in Resources */,
				D4BD36B82350174000096E6D /* Main.storyboard in Resources */,
			);
			runOnlyForDeploymentPostprocessing = 0;
		};
		D4BD36C12350174000096E6D /* Resources */ = {
			isa = PBXResourcesBuildPhase;
			buildActionMask = 2147483647;
			files = (
			);
			runOnlyForDeploymentPostprocessing = 0;
		};
		D4BD36CC2350174000096E6D /* Resources */ = {
			isa = PBXResourcesBuildPhase;
			buildActionMask = 2147483647;
			files = (
			);
			runOnlyForDeploymentPostprocessing = 0;
		};
/* End PBXResourcesBuildPhase section */

/* Begin PBXShellScriptBuildPhase section */
		527872D1634C73FA026CEE8B /* [CP] Check Pods Manifest.lock */ = {
			isa = PBXShellScriptBuildPhase;
			buildActionMask = 2147483647;
			files = (
			);
			inputFileListPaths = (
			);
			inputPaths = (
				"${PODS_PODFILE_DIR_PATH}/Podfile.lock",
				"${PODS_ROOT}/Manifest.lock",
			);
			name = "[CP] Check Pods Manifest.lock";
			outputFileListPaths = (
			);
			outputPaths = (
				"$(DERIVED_FILE_DIR)/Pods-TWWeChatMomentsUITests-checkManifestLockResult.txt",
			);
			runOnlyForDeploymentPostprocessing = 0;
			shellPath = /bin/sh;
			shellScript = "diff \"${PODS_PODFILE_DIR_PATH}/Podfile.lock\" \"${PODS_ROOT}/Manifest.lock\" > /dev/null\nif [ $? != 0 ] ; then\n    # print error to STDERR\n    echo \"error: The sandbox is not in sync with the Podfile.lock. Run 'pod install' or update your CocoaPods installation.\" >&2\n    exit 1\nfi\n# This output is used by Xcode 'outputs' to avoid re-running this script phase.\necho \"SUCCESS\" > \"${SCRIPT_OUTPUT_FILE_0}\"\n";
			showEnvVarsInLog = 0;
		};
		6FACF3E3A272CA69CCA70D5A /* [CP] Check Pods Manifest.lock */ = {
			isa = PBXShellScriptBuildPhase;
			buildActionMask = 2147483647;
			files = (
			);
			inputFileListPaths = (
			);
			inputPaths = (
				"${PODS_PODFILE_DIR_PATH}/Podfile.lock",
				"${PODS_ROOT}/Manifest.lock",
			);
			name = "[CP] Check Pods Manifest.lock";
			outputFileListPaths = (
			);
			outputPaths = (
				"$(DERIVED_FILE_DIR)/Pods-TWWeChatMoments-checkManifestLockResult.txt",
			);
			runOnlyForDeploymentPostprocessing = 0;
			shellPath = /bin/sh;
			shellScript = "diff \"${PODS_PODFILE_DIR_PATH}/Podfile.lock\" \"${PODS_ROOT}/Manifest.lock\" > /dev/null\nif [ $? != 0 ] ; then\n    # print error to STDERR\n    echo \"error: The sandbox is not in sync with the Podfile.lock. Run 'pod install' or update your CocoaPods installation.\" >&2\n    exit 1\nfi\n# This output is used by Xcode 'outputs' to avoid re-running this script phase.\necho \"SUCCESS\" > \"${SCRIPT_OUTPUT_FILE_0}\"\n";
			showEnvVarsInLog = 0;
		};
		A1C2739A47F45194EED44C93 /* [CP] Embed Pods Frameworks */ = {
			isa = PBXShellScriptBuildPhase;
			buildActionMask = 2147483647;
			files = (
			);
			inputFileListPaths = (
				"${PODS_ROOT}/Target Support Files/Pods-TWWeChatMoments/Pods-TWWeChatMoments-frameworks-${CONFIGURATION}-input-files.xcfilelist",
			);
			name = "[CP] Embed Pods Frameworks";
			outputFileListPaths = (
				"${PODS_ROOT}/Target Support Files/Pods-TWWeChatMoments/Pods-TWWeChatMoments-frameworks-${CONFIGURATION}-output-files.xcfilelist",
			);
			runOnlyForDeploymentPostprocessing = 0;
			shellPath = /bin/sh;
			shellScript = "\"${PODS_ROOT}/Target Support Files/Pods-TWWeChatMoments/Pods-TWWeChatMoments-frameworks.sh\"\n";
			showEnvVarsInLog = 0;
		};
		A61A7728CFE1BB560181D821 /* [CP] Check Pods Manifest.lock */ = {
			isa = PBXShellScriptBuildPhase;
			buildActionMask = 2147483647;
			files = (
			);
			inputFileListPaths = (
			);
			inputPaths = (
				"${PODS_PODFILE_DIR_PATH}/Podfile.lock",
				"${PODS_ROOT}/Manifest.lock",
			);
			name = "[CP] Check Pods Manifest.lock";
			outputFileListPaths = (
			);
			outputPaths = (
				"$(DERIVED_FILE_DIR)/Pods-TWWeChatMomentsTests-checkManifestLockResult.txt",
			);
			runOnlyForDeploymentPostprocessing = 0;
			shellPath = /bin/sh;
			shellScript = "diff \"${PODS_PODFILE_DIR_PATH}/Podfile.lock\" \"${PODS_ROOT}/Manifest.lock\" > /dev/null\nif [ $? != 0 ] ; then\n    # print error to STDERR\n    echo \"error: The sandbox is not in sync with the Podfile.lock. Run 'pod install' or update your CocoaPods installation.\" >&2\n    exit 1\nfi\n# This output is used by Xcode 'outputs' to avoid re-running this script phase.\necho \"SUCCESS\" > \"${SCRIPT_OUTPUT_FILE_0}\"\n";
			showEnvVarsInLog = 0;
		};
/* End PBXShellScriptBuildPhase section */

/* Begin PBXSourcesBuildPhase section */
		D4BD36AB2350174000096E6D /* Sources */ = {
			isa = PBXSourcesBuildPhase;
			buildActionMask = 2147483647;
			files = (
				D4BD36B52350174000096E6D /* ViewController.swift in Sources */,
				D4BD36B32350174000096E6D /* AppDelegate.swift in Sources */,
			);
			runOnlyForDeploymentPostprocessing = 0;
		};
		D4BD36BF2350174000096E6D /* Sources */ = {
			isa = PBXSourcesBuildPhase;
			buildActionMask = 2147483647;
			files = (
				D4BD36C82350174000096E6D /* TWWeChatMomentsTests.swift in Sources */,
			);
			runOnlyForDeploymentPostprocessing = 0;
		};
		D4BD36CA2350174000096E6D /* Sources */ = {
			isa = PBXSourcesBuildPhase;
			buildActionMask = 2147483647;
			files = (
				D4BD36D32350174000096E6D /* TWWeChatMomentsUITests.swift in Sources */,
			);
			runOnlyForDeploymentPostprocessing = 0;
		};
/* End PBXSourcesBuildPhase section */

/* Begin PBXTargetDependency section */
		D4BD36C52350174000096E6D /* PBXTargetDependency */ = {
			isa = PBXTargetDependency;
			target = D4BD36AE2350174000096E6D /* TWWeChatMoments */;
			targetProxy = D4BD36C42350174000096E6D /* PBXContainerItemProxy */;
		};
		D4BD36D02350174000096E6D /* PBXTargetDependency */ = {
			isa = PBXTargetDependency;
			target = D4BD36AE2350174000096E6D /* TWWeChatMoments */;
			targetProxy = D4BD36CF2350174000096E6D /* PBXContainerItemProxy */;
		};
/* End PBXTargetDependency section */

/* Begin PBXVariantGroup section */
		D4BD36B62350174000096E6D /* Main.storyboard */ = {
			isa = PBXVariantGroup;
			children = (
				D4BD36B72350174000096E6D /* Base */,
			);
			name = Main.storyboard;
			sourceTree = "<group>";
		};
		D4BD36BB2350174000096E6D /* LaunchScreen.storyboard */ = {
			isa = PBXVariantGroup;
			children = (
				D4BD36BC2350174000096E6D /* Base */,
			);
			name = LaunchScreen.storyboard;
			sourceTree = "<group>";
		};
/* End PBXVariantGroup section */

/* Begin XCBuildConfiguration section */
		D4BD36D52350174000096E6D /* Debug */ = {
			isa = XCBuildConfiguration;
			buildSettings = {
				ALWAYS_SEARCH_USER_PATHS = NO;
				CLANG_ANALYZER_NONNULL = YES;
				CLANG_ANALYZER_NUMBER_OBJECT_CONVERSION = YES_AGGRESSIVE;
				CLANG_CXX_LANGUAGE_STANDARD = "gnu++14";
				CLANG_CXX_LIBRARY = "libc++";
				CLANG_ENABLE_MODULES = YES;
				CLANG_ENABLE_OBJC_ARC = YES;
				CLANG_ENABLE_OBJC_WEAK = YES;
				CLANG_WARN_BLOCK_CAPTURE_AUTORELEASING = YES;
				CLANG_WARN_BOOL_CONVERSION = YES;
				CLANG_WARN_COMMA = YES;
				CLANG_WARN_CONSTANT_CONVERSION = YES;
				CLANG_WARN_DEPRECATED_OBJC_IMPLEMENTATIONS = YES;
				CLANG_WARN_DIRECT_OBJC_ISA_USAGE = YES_ERROR;
				CLANG_WARN_DOCUMENTATION_COMMENTS = YES;
				CLANG_WARN_EMPTY_BODY = YES;
				CLANG_WARN_ENUM_CONVERSION = YES;
				CLANG_WARN_INFINITE_RECURSION = YES;
				CLANG_WARN_INT_CONVERSION = YES;
				CLANG_WARN_NON_LITERAL_NULL_CONVERSION = YES;
				CLANG_WARN_OBJC_IMPLICIT_RETAIN_SELF = YES;
				CLANG_WARN_OBJC_LITERAL_CONVERSION = YES;
				CLANG_WARN_OBJC_ROOT_CLASS = YES_ERROR;
				CLANG_WARN_RANGE_LOOP_ANALYSIS = YES;
				CLANG_WARN_STRICT_PROTOTYPES = YES;
				CLANG_WARN_SUSPICIOUS_MOVE = YES;
				CLANG_WARN_UNGUARDED_AVAILABILITY = YES_AGGRESSIVE;
				CLANG_WARN_UNREACHABLE_CODE = YES;
				CLANG_WARN__DUPLICATE_METHOD_MATCH = YES;
				CODE_SIGN_IDENTITY = "iPhone Developer";
				COPY_PHASE_STRIP = NO;
				DEBUG_INFORMATION_FORMAT = dwarf;
				ENABLE_STRICT_OBJC_MSGSEND = YES;
				ENABLE_TESTABILITY = YES;
				GCC_C_LANGUAGE_STANDARD = gnu11;
				GCC_DYNAMIC_NO_PIC = NO;
				GCC_NO_COMMON_BLOCKS = YES;
				GCC_OPTIMIZATION_LEVEL = 0;
				GCC_PREPROCESSOR_DEFINITIONS = (
					"DEBUG=1",
					"$(inherited)",
				);
				GCC_WARN_64_TO_32_BIT_CONVERSION = YES;
				GCC_WARN_ABOUT_RETURN_TYPE = YES_ERROR;
				GCC_WARN_UNDECLARED_SELECTOR = YES;
				GCC_WARN_UNINITIALIZED_AUTOS = YES_AGGRESSIVE;
				GCC_WARN_UNUSED_FUNCTION = YES;
				GCC_WARN_UNUSED_VARIABLE = YES;
				IPHONEOS_DEPLOYMENT_TARGET = 12.2;
				MTL_ENABLE_DEBUG_INFO = INCLUDE_SOURCE;
				MTL_FAST_MATH = YES;
				ONLY_ACTIVE_ARCH = YES;
				SDKROOT = iphoneos;
				SWIFT_ACTIVE_COMPILATION_CONDITIONS = DEBUG;
				SWIFT_OPTIMIZATION_LEVEL = "-Onone";
			};
			name = Debug;
		};
		D4BD36D62350174000096E6D /* Release */ = {
			isa = XCBuildConfiguration;
			buildSettings = {
				ALWAYS_SEARCH_USER_PATHS = NO;
				CLANG_ANALYZER_NONNULL = YES;
				CLANG_ANALYZER_NUMBER_OBJECT_CONVERSION = YES_AGGRESSIVE;
				CLANG_CXX_LANGUAGE_STANDARD = "gnu++14";
				CLANG_CXX_LIBRARY = "libc++";
				CLANG_ENABLE_MODULES = YES;
				CLANG_ENABLE_OBJC_ARC = YES;
				CLANG_ENABLE_OBJC_WEAK = YES;
				CLANG_WARN_BLOCK_CAPTURE_AUTORELEASING = YES;
				CLANG_WARN_BOOL_CONVERSION = YES;
				CLANG_WARN_COMMA = YES;
				CLANG_WARN_CONSTANT_CONVERSION = YES;
				CLANG_WARN_DEPRECATED_OBJC_IMPLEMENTATIONS = YES;
				CLANG_WARN_DIRECT_OBJC_ISA_USAGE = YES_ERROR;
				CLANG_WARN_DOCUMENTATION_COMMENTS = YES;
				CLANG_WARN_EMPTY_BODY = YES;
				CLANG_WARN_ENUM_CONVERSION = YES;
				CLANG_WARN_INFINITE_RECURSION = YES;
				CLANG_WARN_INT_CONVERSION = YES;
				CLANG_WARN_NON_LITERAL_NULL_CONVERSION = YES;
				CLANG_WARN_OBJC_IMPLICIT_RETAIN_SELF = YES;
				CLANG_WARN_OBJC_LITERAL_CONVERSION = YES;
				CLANG_WARN_OBJC_ROOT_CLASS = YES_ERROR;
				CLANG_WARN_RANGE_LOOP_ANALYSIS = YES;
				CLANG_WARN_STRICT_PROTOTYPES = YES;
				CLANG_WARN_SUSPICIOUS_MOVE = YES;
				CLANG_WARN_UNGUARDED_AVAILABILITY = YES_AGGRESSIVE;
				CLANG_WARN_UNREACHABLE_CODE = YES;
				CLANG_WARN__DUPLICATE_METHOD_MATCH = YES;
				CODE_SIGN_IDENTITY = "iPhone Developer";
				COPY_PHASE_STRIP = NO;
				DEBUG_INFORMATION_FORMAT = "dwarf-with-dsym";
				ENABLE_NS_ASSERTIONS = NO;
				ENABLE_STRICT_OBJC_MSGSEND = YES;
				GCC_C_LANGUAGE_STANDARD = gnu11;
				GCC_NO_COMMON_BLOCKS = YES;
				GCC_WARN_64_TO_32_BIT_CONVERSION = YES;
				GCC_WARN_ABOUT_RETURN_TYPE = YES_ERROR;
				GCC_WARN_UNDECLARED_SELECTOR = YES;
				GCC_WARN_UNINITIALIZED_AUTOS = YES_AGGRESSIVE;
				GCC_WARN_UNUSED_FUNCTION = YES;
				GCC_WARN_UNUSED_VARIABLE = YES;
				IPHONEOS_DEPLOYMENT_TARGET = 12.2;
				MTL_ENABLE_DEBUG_INFO = NO;
				MTL_FAST_MATH = YES;
				SDKROOT = iphoneos;
				SWIFT_COMPILATION_MODE = wholemodule;
				SWIFT_OPTIMIZATION_LEVEL = "-O";
				VALIDATE_PRODUCT = YES;
			};
			name = Release;
		};
		D4BD36D82350174000096E6D /* Debug */ = {
			isa = XCBuildConfiguration;
			baseConfigurationReference = 149A43F1540EA67D33387E90 /* Pods-TWWeChatMoments.debug.xcconfig */;
			buildSettings = {
				ASSETCATALOG_COMPILER_APPICON_NAME = AppIcon;
				CODE_SIGN_STYLE = Automatic;
				DEVELOPMENT_TEAM = DA9EH4GE98;
				INFOPLIST_FILE = TWWeChatMoments/Info.plist;
				LD_RUNPATH_SEARCH_PATHS = (
					"$(inherited)",
					"@executable_path/Frameworks",
				);
				PRODUCT_BUNDLE_IDENTIFIER = com.luckyhong.TWWeChatMoments;
				PRODUCT_NAME = "$(TARGET_NAME)";
				SWIFT_VERSION = 5.0;
				TARGETED_DEVICE_FAMILY = "1,2";
			};
			name = Debug;
		};
		D4BD36D92350174000096E6D /* Release */ = {
			isa = XCBuildConfiguration;
			baseConfigurationReference = 6BDCC27C54420E896E8F32BF /* Pods-TWWeChatMoments.release.xcconfig */;
			buildSettings = {
				ASSETCATALOG_COMPILER_APPICON_NAME = AppIcon;
				CODE_SIGN_STYLE = Automatic;
				DEVELOPMENT_TEAM = DA9EH4GE98;
				INFOPLIST_FILE = TWWeChatMoments/Info.plist;
				LD_RUNPATH_SEARCH_PATHS = (
					"$(inherited)",
					"@executable_path/Frameworks",
				);
				PRODUCT_BUNDLE_IDENTIFIER = com.luckyhong.TWWeChatMoments;
				PRODUCT_NAME = "$(TARGET_NAME)";
				SWIFT_VERSION = 5.0;
				TARGETED_DEVICE_FAMILY = "1,2";
			};
			name = Release;
		};
		D4BD36DB2350174000096E6D /* Debug */ = {
			isa = XCBuildConfiguration;
			baseConfigurationReference = 4B2C8448708DDAA22802775B /* Pods-TWWeChatMomentsTests.debug.xcconfig */;
			buildSettings = {
				ALWAYS_EMBED_SWIFT_STANDARD_LIBRARIES = YES;
				BUNDLE_LOADER = "$(TEST_HOST)";
				CODE_SIGN_STYLE = Automatic;
				DEVELOPMENT_TEAM = DA9EH4GE98;
				INFOPLIST_FILE = TWWeChatMomentsTests/Info.plist;
				LD_RUNPATH_SEARCH_PATHS = (
					"$(inherited)",
					"@executable_path/Frameworks",
					"@loader_path/Frameworks",
				);
				PRODUCT_BUNDLE_IDENTIFIER = com.luckyhong.TWWeChatMomentsTests;
				PRODUCT_NAME = "$(TARGET_NAME)";
				SWIFT_VERSION = 5.0;
				TARGETED_DEVICE_FAMILY = "1,2";
				TEST_HOST = "$(BUILT_PRODUCTS_DIR)/TWWeChatMoments.app/TWWeChatMoments";
			};
			name = Debug;
		};
		D4BD36DC2350174000096E6D /* Release */ = {
			isa = XCBuildConfiguration;
			baseConfigurationReference = 6B3CA474478AC9F532062324 /* Pods-TWWeChatMomentsTests.release.xcconfig */;
			buildSettings = {
				ALWAYS_EMBED_SWIFT_STANDARD_LIBRARIES = YES;
				BUNDLE_LOADER = "$(TEST_HOST)";
				CODE_SIGN_STYLE = Automatic;
				DEVELOPMENT_TEAM = DA9EH4GE98;
				INFOPLIST_FILE = TWWeChatMomentsTests/Info.plist;
				LD_RUNPATH_SEARCH_PATHS = (
					"$(inherited)",
					"@executable_path/Frameworks",
					"@loader_path/Frameworks",
				);
				PRODUCT_BUNDLE_IDENTIFIER = com.luckyhong.TWWeChatMomentsTests;
				PRODUCT_NAME = "$(TARGET_NAME)";
				SWIFT_VERSION = 5.0;
				TARGETED_DEVICE_FAMILY = "1,2";
				TEST_HOST = "$(BUILT_PRODUCTS_DIR)/TWWeChatMoments.app/TWWeChatMoments";
			};
			name = Release;
		};
		D4BD36DE2350174000096E6D /* Debug */ = {
			isa = XCBuildConfiguration;
			baseConfigurationReference = F95D17F42CE5D32565AF0133 /* Pods-TWWeChatMomentsUITests.debug.xcconfig */;
			buildSettings = {
				ALWAYS_EMBED_SWIFT_STANDARD_LIBRARIES = YES;
				CODE_SIGN_STYLE = Automatic;
				DEVELOPMENT_TEAM = DA9EH4GE98;
				INFOPLIST_FILE = TWWeChatMomentsUITests/Info.plist;
				LD_RUNPATH_SEARCH_PATHS = (
					"$(inherited)",
					"@executable_path/Frameworks",
					"@loader_path/Frameworks",
				);
				PRODUCT_BUNDLE_IDENTIFIER = com.luckyhong.TWWeChatMomentsUITests;
				PRODUCT_NAME = "$(TARGET_NAME)";
				SWIFT_VERSION = 5.0;
				TARGETED_DEVICE_FAMILY = "1,2";
				TEST_TARGET_NAME = TWWeChatMoments;
			};
			name = Debug;
		};
		D4BD36DF2350174000096E6D /* Release */ = {
			isa = XCBuildConfiguration;
			baseConfigurationReference = 2902F4981C04E730380FB43F /* Pods-TWWeChatMomentsUITests.release.xcconfig */;
			buildSettings = {
				ALWAYS_EMBED_SWIFT_STANDARD_LIBRARIES = YES;
				CODE_SIGN_STYLE = Automatic;
				DEVELOPMENT_TEAM = DA9EH4GE98;
				INFOPLIST_FILE = TWWeChatMomentsUITests/Info.plist;
				LD_RUNPATH_SEARCH_PATHS = (
					"$(inherited)",
					"@executable_path/Frameworks",
					"@loader_path/Frameworks",
				);
				PRODUCT_BUNDLE_IDENTIFIER = com.luckyhong.TWWeChatMomentsUITests;
				PRODUCT_NAME = "$(TARGET_NAME)";
				SWIFT_VERSION = 5.0;
				TARGETED_DEVICE_FAMILY = "1,2";
				TEST_TARGET_NAME = TWWeChatMoments;
			};
			name = Release;
		};
/* End XCBuildConfiguration section */

/* Begin XCConfigurationList section */
		D4BD36AA2350174000096E6D /* Build configuration list for PBXProject "TWWeChatMoments" */ = {
			isa = XCConfigurationList;
			buildConfigurations = (
				D4BD36D52350174000096E6D /* Debug */,
				D4BD36D62350174000096E6D /* Release */,
			);
			defaultConfigurationIsVisible = 0;
			defaultConfigurationName = Release;
		};
		D4BD36D72350174000096E6D /* Build configuration list for PBXNativeTarget "TWWeChatMoments" */ = {
			isa = XCConfigurationList;
			buildConfigurations = (
				D4BD36D82350174000096E6D /* Debug */,
				D4BD36D92350174000096E6D /* Release */,
			);
			defaultConfigurationIsVisible = 0;
			defaultConfigurationName = Release;
		};
		D4BD36DA2350174000096E6D /* Build configuration list for PBXNativeTarget "TWWeChatMomentsTests" */ = {
			isa = XCConfigurationList;
			buildConfigurations = (
				D4BD36DB2350174000096E6D /* Debug */,
				D4BD36DC2350174000096E6D /* Release */,
			);
			defaultConfigurationIsVisible = 0;
			defaultConfigurationName = Release;
		};
		D4BD36DD2350174000096E6D /* Build configuration list for PBXNativeTarget "TWWeChatMomentsUITests" */ = {
			isa = XCConfigurationList;
			buildConfigurations = (
				D4BD36DE2350174000096E6D /* Debug */,
				D4BD36DF2350174000096E6D /* Release */,
			);
			defaultConfigurationIsVisible = 0;
			defaultConfigurationName = Release;
		};
/* End XCConfigurationList section */
	};
	rootObject = D4BD36A72350174000096E6D /* Project object */;
}
